#MicroXplorer Configuration settings - do not modify
Mcu.Family=STM32F4
ProjectManager.MainLocation=Src
ProjectManager.ProjectFileName=LED_001.ioc
PI8-\ ANTI\ TAMP2.GPIOParameters=GPIO_Label
RCC.CortexFreq_Value=16000000
PI10.GPIOParameters=GPIO_Label
ProjectManager.KeepUserCode=true
Mcu.UserName=STM32F407IGTx
PI10.Locked=true
Mcu.PinsNb=10
ProjectManager.NoMain=false
PI8-\ ANTI\ TAMP2.Signal=GPIO_Output
PI8-\ ANTI\ TAMP2.Locked=true
RCC.PLLCLKFreq_Value=96000000
RCC.PLLQCLKFreq_Value=48000000
ProjectManager.functionlistsort=1-MX_GPIO_Init-GPIO-false-HAL-true,2-SystemClock_Config-RCC-false-HAL-false
RCC.RTCFreq_Value=32000
ProjectManager.DefaultFWLocation=true
PI10.Signal=GPIO_Output
ProjectManager.DeletePrevious=true
PinOutPanel.RotationAngle=0
RCC.FamilyName=M
ProjectManager.StackSize=0x400
PA13.Signal=SYS_JTMS-SWDIO
Mcu.IP2=SYS
NVIC.SVCall_IRQn=true\:0\:0\:false\:false\:true\:false\:false
Mcu.IP0=NVIC
Mcu.IP1=RCC
Mcu.UserConstants=
ProjectManager.TargetToolchain=Makefile
PH3.Locked=true
Mcu.ThirdPartyNb=0
Mcu.IPNb=3
RCC.I2SClocksFreq_Value=96000000
ProjectManager.PreviousToolchain=
RCC.VcooutputI2S=96000000
Mcu.Pin6=PA15
Mcu.Pin7=PB3
Mcu.Pin8=PB4
Mcu.Pin9=VP_SYS_VS_Systick
PH2.GPIOParameters=GPIO_Label
RCC.LSE_VALUE=32768
RCC.AHBFreq_Value=16000000
Mcu.Pin0=PI8- ANTI TAMP2
Mcu.Pin1=PI10
GPIO.groupedBy=
Mcu.Pin2=PH2
Mcu.Pin3=PH3
Mcu.Pin4=PA13
RCC.VCOI2SOutputFreq_Value=192000000
Mcu.Pin5=PA14
ProjectManager.ProjectBuild=false
RCC.HSE_VALUE=25000000
NVIC.UsageFault_IRQn=true\:0\:0\:false\:false\:true\:false\:false
NVIC.DebugMonitor_IRQn=true\:0\:0\:false\:false\:true\:false\:false
PB3.Mode=JTAG_5_pins
board=custom
RCC.VCOOutputFreq_Value=192000000
PA15.Mode=JTAG_5_pins
NVIC.SysTick_IRQn=true\:0\:0\:false\:false\:true\:false\:true
ProjectManager.LastFirmware=true
ProjectManager.FirmwarePackage=STM32Cube FW_F4 V1.25.0
MxDb.Version=DB.5.0.60
RCC.APB2Freq_Value=16000000
PB4.Mode=JTAG_5_pins
ProjectManager.BackupPrevious=false
MxCube.Version=5.6.1
RCC.VCOInputFreq_Value=1000000
PA14.Mode=JTAG_5_pins
File.Version=6
VP_SYS_VS_Systick.Mode=SysTick
PH3.GPIOParameters=GPIO_Label
NVIC.NonMaskableInt_IRQn=true\:0\:0\:false\:false\:true\:false\:false
NVIC.PendSV_IRQn=true\:0\:0\:false\:false\:true\:false\:false
PI8-\ ANTI\ TAMP2.GPIO_Label=LED3
PA13.Mode=JTAG_5_pins
ProjectManager.FreePins=false
RCC.IPParameters=AHBFreq_Value,APB1Freq_Value,APB2Freq_Value,CortexFreq_Value,FamilyName,HSE_VALUE,HSI_VALUE,I2SClocksFreq_Value,LSE_VALUE,LSI_VALUE,PLLCLKFreq_Value,PLLQCLKFreq_Value,RTCFreq_Value,RTCHSEDivFreq_Value,SYSCLKFreq_VALUE,VCOI2SOutputFreq_Value,VCOInputFreq_Value,VCOOutputFreq_Value,VcooutputI2S
ProjectManager.AskForMigrate=true
Mcu.Name=STM32F407I(E-G)Tx
ProjectManager.HalAssertFull=false
RCC.RTCHSEDivFreq_Value=12500000
ProjectManager.ProjectName=LED_001
ProjectManager.UnderRoot=false
ProjectManager.CoupleFile=false
PB3.Signal=SYS_JTDO-SWO
RCC.SYSCLKFreq_VALUE=16000000
Mcu.Package=LQFP176
NVIC.ForceEnableDMAVector=true
KeepUserPlacement=false
NVIC.MemoryManagement_IRQn=true\:0\:0\:false\:false\:true\:false\:false
ProjectManager.CompilerOptimize=6
ProjectManager.ToolChainLocation=
RCC.LSI_VALUE=32000
VP_SYS_VS_Systick.Signal=SYS_VS_Systick
PA14.Signal=SYS_JTCK-SWCLK
PA15.Signal=SYS_JTDI
ProjectManager.HeapSize=0x200
NVIC.HardFault_IRQn=true\:0\:0\:false\:false\:true\:false\:false
ProjectManager.ComputerToolchain=false
RCC.HSI_VALUE=16000000
PH3.GPIO_Label=LED2
PH2.Locked=true
PH2.Signal=GPIO_Output
NVIC.PriorityGroup=NVIC_PRIORITYGROUP_4
PH3.Signal=GPIO_Output
NVIC.BusFault_IRQn=true\:0\:0\:false\:false\:true\:false\:false
RCC.APB1Freq_Value=16000000
ProjectManager.CustomerFirmwarePackage=
ProjectManager.DeviceId=STM32F407IGTx
PH2.GPIO_Label=LED1
ProjectManager.LibraryCopy=0
PB4.Signal=SYS_JTRST
PI10.GPIO_Label=LED4
